{
  "name": "lacaseaaccras",
  "lockfileVersion": 2,
  "requires": true,
  "packages": {
    "": {
      "dependencies": {
        "tarteaucitronjs": "^1.11.0"
      }
    },
    "node_modules/tarteaucitronjs": {
      "version": "1.11.0",
      "resolved": "https://registry.npmjs.org/tarteaucitronjs/-/tarteaucitronjs-1.11.0.tgz",
      "integrity": "sha512-kfzrzK5fgn3NaGrLK874wf+JmEOxFsY/FAZfOhb26QAvF46f5nJDN2yQvsa5nuEiAAd/mtZ+giiz4KyONc4Ftg=="
    }
  },
  "dependencies": {
    "tarteaucitronjs": {
      "version": "1.11.0",
      "resolved": "https://registry.npmjs.org/tarteaucitronjs/-/tarteaucitronjs-1.11.0.tgz",
      "integrity": "sha512-kfzrzK5fgn3NaGrLK874wf+JmEOxFsY/FAZfOhb26QAvF46f5nJDN2yQvsa5nuEiAAd/mtZ+giiz4KyONc4Ftg=="
    }
  }
}
